
Microsoft Visual Studio Solution File, Format Version 12.00
# Visual Studio Version 16
VisualStudioVersion = 16.0.31025.218
MinimumVisualStudioVersion = 15.0.26124.0
Project("{2150E333-8FDC-42A3-9474-1A3956D46DE8}") = "src", "src", "{FC16A82E-404B-47FF-B697-CF83DAD8C637}"
EndProject
Project("{9A19103F-16F7-4668-BE54-9A1E7A4F7556}") = "Pizza.Data", "src\Pizza.Data\Pizza.Data.csproj", "{D0A7514D-F288-4BD8-8F73-5849CF5943D9}"
EndProject
Project("{9A19103F-16F7-4668-BE54-9A1E7A4F7556}") = "Frontend", "src\Frontend\Frontend.csproj", "{73FFE172-CA77-4DDC-B748-B2D45334DFC7}"
EndProject
Project("{2150E333-8FDC-42A3-9474-1A3956D46DE8}") = "test", "test", "{B14318FC-513A-4B00-B523-C16956C9ACB9}"
EndProject
Project("{9A19103F-16F7-4668-BE54-9A1E7A4F7556}") = "TestHelpers", "test\TestHelpers\TestHelpers.csproj", "{38B2C4D3-8A9B-4750-8771-7F6B03252077}"
EndProject
Project("{9A19103F-16F7-4668-BE54-9A1E7A4F7556}") = "Orders.PubSub", "src\Orders.PubSub\Orders.PubSub.csproj", "{94BCC31D-3900-45AA-9AC5-AF782738C667}"
EndProject
Project("{2150E333-8FDC-42A3-9474-1A3956D46DE8}") = "files", "files", "{2E1F0229-94D0-434C-ACC6-3DB6F47AA8A0}"
	ProjectSection(SolutionItems) = preProject
		README.md = README.md
		tye.yaml = tye.yaml
	EndProjectSection
EndProject
Project("{2150E333-8FDC-42A3-9474-1A3956D46DE8}") = "tools", "tools", "{3AAFB89A-6180-4DA1-9FBA-9684EF6CCE9D}"
EndProject
Project("{9A19103F-16F7-4668-BE54-9A1E7A4F7556}") = "CreateData", "tools\CreateData\CreateData.csproj", "{FEA9974C-E966-4ECF-B0BA-DEEFA756FF12}"
EndProject
Project("{9A19103F-16F7-4668-BE54-9A1E7A4F7556}") = "Ingredients", "src\Ingredients\Ingredients.csproj", "{E40D5112-8E20-4477-AAEC-0FFC30A5AF93}"
EndProject
Project("{9A19103F-16F7-4668-BE54-9A1E7A4F7556}") = "Ingredients.Tests", "test\Ingredients.Tests\Ingredients.Tests.csproj", "{8B92E354-43EA-489A-A6FB-F7ACD2D0046A}"
EndProject
Project("{9A19103F-16F7-4668-BE54-9A1E7A4F7556}") = "Orders", "src\Orders\Orders.csproj", "{27AB8D05-7B00-4B98-B3CA-7107BF9172C2}"
EndProject
Project("{9A19103F-16F7-4668-BE54-9A1E7A4F7556}") = "ShopConsole", "src\ShopConsole\ShopConsole.csproj", "{81A56D59-FD76-40F9-8F04-F3626F1399E6}"
EndProject
Project("{9A19103F-16F7-4668-BE54-9A1E7A4F7556}") = "AuthHelp", "src\AuthHelp\AuthHelp.csproj", "{498DBE26-C742-4B5F-9BA4-3420FD3E565D}"
EndProject
Global
	GlobalSection(SolutionConfigurationPlatforms) = preSolution
		Debug|Any CPU = Debug|Any CPU
		Debug|x64 = Debug|x64
		Debug|x86 = Debug|x86
		Release|Any CPU = Release|Any CPU
		Release|x64 = Release|x64
		Release|x86 = Release|x86
	EndGlobalSection
	GlobalSection(ProjectConfigurationPlatforms) = postSolution
		{D0A7514D-F288-4BD8-8F73-5849CF5943D9}.Debug|Any CPU.ActiveCfg = Debug|Any CPU
		{D0A7514D-F288-4BD8-8F73-5849CF5943D9}.Debug|Any CPU.Build.0 = Debug|Any CPU
		{D0A7514D-F288-4BD8-8F73-5849CF5943D9}.Debug|x64.ActiveCfg = Debug|Any CPU
		{D0A7514D-F288-4BD8-8F73-5849CF5943D9}.Debug|x64.Build.0 = Debug|Any CPU
		{D0A7514D-F288-4BD8-8F73-5849CF5943D9}.Debug|x86.ActiveCfg = Debug|Any CPU
		{D0A7514D-F288-4BD8-8F73-5849CF5943D9}.Debug|x86.Build.0 = Debug|Any CPU
		{D0A7514D-F288-4BD8-8F73-5849CF5943D9}.Release|Any CPU.ActiveCfg = Release|Any CPU
		{D0A7514D-F288-4BD8-8F73-5849CF5943D9}.Release|Any CPU.Build.0 = Release|Any CPU
		{D0A7514D-F288-4BD8-8F73-5849CF5943D9}.Release|x64.ActiveCfg = Release|Any CPU
		{D0A7514D-F288-4BD8-8F73-5849CF5943D9}.Release|x64.Build.0 = Release|Any CPU
		{D0A7514D-F288-4BD8-8F73-5849CF5943D9}.Release|x86.ActiveCfg = Release|Any CPU
		{D0A7514D-F288-4BD8-8F73-5849CF5943D9}.Release|x86.Build.0 = Release|Any CPU
		{73FFE172-CA77-4DDC-B748-B2D45334DFC7}.Debug|Any CPU.ActiveCfg = Debug|Any CPU
		{73FFE172-CA77-4DDC-B748-B2D45334DFC7}.Debug|Any CPU.Build.0 = Debug|Any CPU
		{73FFE172-CA77-4DDC-B748-B2D45334DFC7}.Debug|x64.ActiveCfg = Debug|Any CPU
		{73FFE172-CA77-4DDC-B748-B2D45334DFC7}.Debug|x64.Build.0 = Debug|Any CPU
		{73FFE172-CA77-4DDC-B748-B2D45334DFC7}.Debug|x86.ActiveCfg = Debug|Any CPU
		{73FFE172-CA77-4DDC-B748-B2D45334DFC7}.Debug|x86.Build.0 = Debug|Any CPU
		{73FFE172-CA77-4DDC-B748-B2D45334DFC7}.Release|Any CPU.ActiveCfg = Release|Any CPU
		{73FFE172-CA77-4DDC-B748-B2D45334DFC7}.Release|Any CPU.Build.0 = Release|Any CPU
		{73FFE172-CA77-4DDC-B748-B2D45334DFC7}.Release|x64.ActiveCfg = Release|Any CPU
		{73FFE172-CA77-4DDC-B748-B2D45334DFC7}.Release|x64.Build.0 = Release|Any CPU
		{73FFE172-CA77-4DDC-B748-B2D45334DFC7}.Release|x86.ActiveCfg = Release|Any CPU
		{73FFE172-CA77-4DDC-B748-B2D45334DFC7}.Release|x86.Build.0 = Release|Any CPU
		{38B2C4D3-8A9B-4750-8771-7F6B03252077}.Debug|Any CPU.ActiveCfg = Debug|Any CPU
		{38B2C4D3-8A9B-4750-8771-7F6B03252077}.Debug|Any CPU.Build.0 = Debug|Any CPU
		{38B2C4D3-8A9B-4750-8771-7F6B03252077}.Debug|x64.ActiveCfg = Debug|Any CPU
		{38B2C4D3-8A9B-4750-8771-7F6B03252077}.Debug|x64.Build.0 = Debug|Any CPU
		{38B2C4D3-8A9B-4750-8771-7F6B03252077}.Debug|x86.ActiveCfg = Debug|Any CPU
		{38B2C4D3-8A9B-4750-8771-7F6B03252077}.Debug|x86.Build.0 = Debug|Any CPU
		{38B2C4D3-8A9B-4750-8771-7F6B03252077}.Release|Any CPU.ActiveCfg = Release|Any CPU
		{38B2C4D3-8A9B-4750-8771-7F6B03252077}.Release|Any CPU.Build.0 = Release|Any CPU
		{38B2C4D3-8A9B-4750-8771-7F6B03252077}.Release|x64.ActiveCfg = Release|Any CPU
		{38B2C4D3-8A9B-4750-8771-7F6B03252077}.Release|x64.Build.0 = Release|Any CPU
		{38B2C4D3-8A9B-4750-8771-7F6B03252077}.Release|x86.ActiveCfg = Release|Any CPU
		{38B2C4D3-8A9B-4750-8771-7F6B03252077}.Release|x86.Build.0 = Release|Any CPU
		{94BCC31D-3900-45AA-9AC5-AF782738C667}.Debug|Any CPU.ActiveCfg = Debug|Any CPU
		{94BCC31D-3900-45AA-9AC5-AF782738C667}.Debug|Any CPU.Build.0 = Debug|Any CPU
		{94BCC31D-3900-45AA-9AC5-AF782738C667}.Debug|x64.ActiveCfg = Debug|Any CPU
		{94BCC31D-3900-45AA-9AC5-AF782738C667}.Debug|x64.Build.0 = Debug|Any CPU
		{94BCC31D-3900-45AA-9AC5-AF782738C667}.Debug|x86.ActiveCfg = Debug|Any CPU
		{94BCC31D-3900-45AA-9AC5-AF782738C667}.Debug|x86.Build.0 = Debug|Any CPU
		{94BCC31D-3900-45AA-9AC5-AF782738C667}.Release|Any CPU.ActiveCfg = Release|Any CPU
		{94BCC31D-3900-45AA-9AC5-AF782738C667}.Release|Any CPU.Build.0 = Release|Any CPU
		{94BCC31D-3900-45AA-9AC5-AF782738C667}.Release|x64.ActiveCfg = Release|Any CPU
		{94BCC31D-3900-45AA-9AC5-AF782738C667}.Release|x64.Build.0 = Release|Any CPU
		{94BCC31D-3900-45AA-9AC5-AF782738C667}.Release|x86.ActiveCfg = Release|Any CPU
		{94BCC31D-3900-45AA-9AC5-AF782738C667}.Release|x86.Build.0 = Release|Any CPU
		{FEA9974C-E966-4ECF-B0BA-DEEFA756FF12}.Debug|Any CPU.ActiveCfg = Debug|Any CPU
		{FEA9974C-E966-4ECF-B0BA-DEEFA756FF12}.Debug|Any CPU.Build.0 = Debug|Any CPU
		{FEA9974C-E966-4ECF-B0BA-DEEFA756FF12}.Debug|x64.ActiveCfg = Debug|Any CPU
		{FEA9974C-E966-4ECF-B0BA-DEEFA756FF12}.Debug|x64.Build.0 = Debug|Any CPU
		{FEA9974C-E966-4ECF-B0BA-DEEFA756FF12}.Debug|x86.ActiveCfg = Debug|Any CPU
		{FEA9974C-E966-4ECF-B0BA-DEEFA756FF12}.Debug|x86.Build.0 = Debug|Any CPU
		{FEA9974C-E966-4ECF-B0BA-DEEFA756FF12}.Release|Any CPU.ActiveCfg = Release|Any CPU
		{FEA9974C-E966-4ECF-B0BA-DEEFA756FF12}.Release|Any CPU.Build.0 = Release|Any CPU
		{FEA9974C-E966-4ECF-B0BA-DEEFA756FF12}.Release|x64.ActiveCfg = Release|Any CPU
		{FEA9974C-E966-4ECF-B0BA-DEEFA756FF12}.Release|x64.Build.0 = Release|Any CPU
		{FEA9974C-E966-4ECF-B0BA-DEEFA756FF12}.Release|x86.ActiveCfg = Release|Any CPU
		{FEA9974C-E966-4ECF-B0BA-DEEFA756FF12}.Release|x86.Build.0 = Release|Any CPU
		{E40D5112-8E20-4477-AAEC-0FFC30A5AF93}.Debug|Any CPU.ActiveCfg = Debug|Any CPU
		{E40D5112-8E20-4477-AAEC-0FFC30A5AF93}.Debug|Any CPU.Build.0 = Debug|Any CPU
		{E40D5112-8E20-4477-AAEC-0FFC30A5AF93}.Debug|x64.ActiveCfg = Debug|Any CPU
		{E40D5112-8E20-4477-AAEC-0FFC30A5AF93}.Debug|x64.Build.0 = Debug|Any CPU
		{E40D5112-8E20-4477-AAEC-0FFC30A5AF93}.Debug|x86.ActiveCfg = Debug|Any CPU
		{E40D5112-8E20-4477-AAEC-0FFC30A5AF93}.Debug|x86.Build.0 = Debug|Any CPU
		{E40D5112-8E20-4477-AAEC-0FFC30A5AF93}.Release|Any CPU.ActiveCfg = Release|Any CPU
		{E40D5112-8E20-4477-AAEC-0FFC30A5AF93}.Release|Any CPU.Build.0 = Release|Any CPU
		{E40D5112-8E20-4477-AAEC-0FFC30A5AF93}.Release|x64.ActiveCfg = Release|Any CPU
		{E40D5112-8E20-4477-AAEC-0FFC30A5AF93}.Release|x64.Build.0 = Release|Any CPU
		{E40D5112-8E20-4477-AAEC-0FFC30A5AF93}.Release|x86.ActiveCfg = Release|Any CPU
		{E40D5112-8E20-4477-AAEC-0FFC30A5AF93}.Release|x86.Build.0 = Release|Any CPU
		{8B92E354-43EA-489A-A6FB-F7ACD2D0046A}.Debug|Any CPU.ActiveCfg = Debug|Any CPU
		{8B92E354-43EA-489A-A6FB-F7ACD2D0046A}.Debug|Any CPU.Build.0 = Debug|Any CPU
		{8B92E354-43EA-489A-A6FB-F7ACD2D0046A}.Debug|x64.ActiveCfg = Debug|Any CPU
		{8B92E354-43EA-489A-A6FB-F7ACD2D0046A}.Debug|x64.Build.0 = Debug|Any CPU
		{8B92E354-43EA-489A-A6FB-F7ACD2D0046A}.Debug|x86.ActiveCfg = Debug|Any CPU
		{8B92E354-43EA-489A-A6FB-F7ACD2D0046A}.Debug|x86.Build.0 = Debug|Any CPU
		{8B92E354-43EA-489A-A6FB-F7ACD2D0046A}.Release|Any CPU.ActiveCfg = Release|Any CPU
		{8B92E354-43EA-489A-A6FB-F7ACD2D0046A}.Release|Any CPU.Build.0 = Release|Any CPU
		{8B92E354-43EA-489A-A6FB-F7ACD2D0046A}.Release|x64.ActiveCfg = Release|Any CPU
		{8B92E354-43EA-489A-A6FB-F7ACD2D0046A}.Release|x64.Build.0 = Release|Any CPU
		{8B92E354-43EA-489A-A6FB-F7ACD2D0046A}.Release|x86.ActiveCfg = Release|Any CPU
		{8B92E354-43EA-489A-A6FB-F7ACD2D0046A}.Release|x86.Build.0 = Release|Any CPU
		{27AB8D05-7B00-4B98-B3CA-7107BF9172C2}.Debug|Any CPU.ActiveCfg = Debug|Any CPU
		{27AB8D05-7B00-4B98-B3CA-7107BF9172C2}.Debug|Any CPU.Build.0 = Debug|Any CPU
		{27AB8D05-7B00-4B98-B3CA-7107BF9172C2}.Debug|x64.ActiveCfg = Debug|Any CPU
		{27AB8D05-7B00-4B98-B3CA-7107BF9172C2}.Debug|x64.Build.0 = Debug|Any CPU
		{27AB8D05-7B00-4B98-B3CA-7107BF9172C2}.Debug|x86.ActiveCfg = Debug|Any CPU
		{27AB8D05-7B00-4B98-B3CA-7107BF9172C2}.Debug|x86.Build.0 = Debug|Any CPU
		{27AB8D05-7B00-4B98-B3CA-7107BF9172C2}.Release|Any CPU.ActiveCfg = Release|Any CPU
		{27AB8D05-7B00-4B98-B3CA-7107BF9172C2}.Release|Any CPU.Build.0 = Release|Any CPU
		{27AB8D05-7B00-4B98-B3CA-7107BF9172C2}.Release|x64.ActiveCfg = Release|Any CPU
		{27AB8D05-7B00-4B98-B3CA-7107BF9172C2}.Release|x64.Build.0 = Release|Any CPU
		{27AB8D05-7B00-4B98-B3CA-7107BF9172C2}.Release|x86.ActiveCfg = Release|Any CPU
		{27AB8D05-7B00-4B98-B3CA-7107BF9172C2}.Release|x86.Build.0 = Release|Any CPU
		{81A56D59-FD76-40F9-8F04-F3626F1399E6}.Debug|Any CPU.ActiveCfg = Debug|Any CPU
		{81A56D59-FD76-40F9-8F04-F3626F1399E6}.Debug|Any CPU.Build.0 = Debug|Any CPU
		{81A56D59-FD76-40F9-8F04-F3626F1399E6}.Debug|x64.ActiveCfg = Debug|Any CPU
		{81A56D59-FD76-40F9-8F04-F3626F1399E6}.Debug|x64.Build.0 = Debug|Any CPU
		{81A56D59-FD76-40F9-8F04-F3626F1399E6}.Debug|x86.ActiveCfg = Debug|Any CPU
		{81A56D59-FD76-40F9-8F04-F3626F1399E6}.Debug|x86.Build.0 = Debug|Any CPU
		{81A56D59-FD76-40F9-8F04-F3626F1399E6}.Release|Any CPU.ActiveCfg = Release|Any CPU
		{81A56D59-FD76-40F9-8F04-F3626F1399E6}.Release|Any CPU.Build.0 = Release|Any CPU
		{81A56D59-FD76-40F9-8F04-F3626F1399E6}.Release|x64.ActiveCfg = Release|Any CPU
		{81A56D59-FD76-40F9-8F04-F3626F1399E6}.Release|x64.Build.0 = Release|Any CPU
		{81A56D59-FD76-40F9-8F04-F3626F1399E6}.Release|x86.ActiveCfg = Release|Any CPU
		{81A56D59-FD76-40F9-8F04-F3626F1399E6}.Release|x86.Build.0 = Release|Any CPU
		{498DBE26-C742-4B5F-9BA4-3420FD3E565D}.Debug|Any CPU.ActiveCfg = Debug|Any CPU
		{498DBE26-C742-4B5F-9BA4-3420FD3E565D}.Debug|Any CPU.Build.0 = Debug|Any CPU
		{498DBE26-C742-4B5F-9BA4-3420FD3E565D}.Debug|x64.ActiveCfg = Debug|Any CPU
		{498DBE26-C742-4B5F-9BA4-3420FD3E565D}.Debug|x64.Build.0 = Debug|Any CPU
		{498DBE26-C742-4B5F-9BA4-3420FD3E565D}.Debug|x86.ActiveCfg = Debug|Any CPU
		{498DBE26-C742-4B5F-9BA4-3420FD3E565D}.Debug|x86.Build.0 = Debug|Any CPU
		{498DBE26-C742-4B5F-9BA4-3420FD3E565D}.Release|Any CPU.ActiveCfg = Release|Any CPU
		{498DBE26-C742-4B5F-9BA4-3420FD3E565D}.Release|Any CPU.Build.0 = Release|Any CPU
		{498DBE26-C742-4B5F-9BA4-3420FD3E565D}.Release|x64.ActiveCfg = Release|Any CPU
		{498DBE26-C742-4B5F-9BA4-3420FD3E565D}.Release|x64.Build.0 = Release|Any CPU
		{498DBE26-C742-4B5F-9BA4-3420FD3E565D}.Release|x86.ActiveCfg = Release|Any CPU
		{498DBE26-C742-4B5F-9BA4-3420FD3E565D}.Release|x86.Build.0 = Release|Any CPU
	EndGlobalSection
	GlobalSection(SolutionProperties) = preSolution
		HideSolutionNode = FALSE
	EndGlobalSection
	GlobalSection(NestedProjects) = preSolution
		{D0A7514D-F288-4BD8-8F73-5849CF5943D9} = {FC16A82E-404B-47FF-B697-CF83DAD8C637}
		{73FFE172-CA77-4DDC-B748-B2D45334DFC7} = {FC16A82E-404B-47FF-B697-CF83DAD8C637}
		{38B2C4D3-8A9B-4750-8771-7F6B03252077} = {B14318FC-513A-4B00-B523-C16956C9ACB9}
		{94BCC31D-3900-45AA-9AC5-AF782738C667} = {FC16A82E-404B-47FF-B697-CF83DAD8C637}
		{FEA9974C-E966-4ECF-B0BA-DEEFA756FF12} = {3AAFB89A-6180-4DA1-9FBA-9684EF6CCE9D}
		{E40D5112-8E20-4477-AAEC-0FFC30A5AF93} = {FC16A82E-404B-47FF-B697-CF83DAD8C637}
		{8B92E354-43EA-489A-A6FB-F7ACD2D0046A} = {B14318FC-513A-4B00-B523-C16956C9ACB9}
		{27AB8D05-7B00-4B98-B3CA-7107BF9172C2} = {FC16A82E-404B-47FF-B697-CF83DAD8C637}
		{81A56D59-FD76-40F9-8F04-F3626F1399E6} = {FC16A82E-404B-47FF-B697-CF83DAD8C637}
		{498DBE26-C742-4B5F-9BA4-3420FD3E565D} = {FC16A82E-404B-47FF-B697-CF83DAD8C637}
	EndGlobalSection
	GlobalSection(ExtensibilityGlobals) = postSolution
		SolutionGuid = {C5ACE188-4070-413A-8C28-6E7DB4AEA7B0}
	EndGlobalSection
EndGlobal
